<Solution>
  <Configurations>
    <Platform Name="Any CPU" />
    <Platform Name="x64" />
  </Configurations>
  <Project Path="Math.Tensor/SparseNeuralNetworkInferenceEngine.Math.Tensor.csproj">
    <Platform Solution="*|x64" Project="x64" />
  </Project>
  <Project Path="Meth.Tensor.Tests/SparseNeuralNetworkInferenceEngine.Math.Tensor.Tests.csproj">
    <Platform Solution="*|x64" Project="x64" />
  </Project>
  <Project Path="SparseNeuralNetworkInferenceEngine.Engine/SparseNeuralNetworkInferenceEngine.Engine.csproj" Id="adf84ddb-454a-4a1f-977f-16782dc8b9da">
    <Platform Solution="*|x64" Project="x64" />
  </Project>
  <Project Path="SparseNeuralNetworkInferenceEngine.Example.MNISTWebserver/SparseNeuralNetworkInferenceEngine.Example.MNISTWebserver.csproj" Id="80bd288d-1746-466b-b52f-0cdb339074ed" />
  <Project Path="SparseNeuralNetworkInferenceEngine.General.Tests/SparseNeuralNetworkInferenceEngine.General.Tests.csproj" Id="6280a8ae-ef70-47a0-987d-0a17531eb6e4">
    <Platform Solution="*|x64" Project="x64" />
  </Project>
  <Project Path="SparseNeuralNetworkInferenceEngine.General/SparseNeuralNetworkInferenceEngine.General.csproj" Id="eebd494a-1181-4c9a-b23e-7ea5a0b9eaa4">
    <Platform Solution="*|x64" Project="x64" />
  </Project>
  <Project Path="SparseNeuralNetworkInferenceEngine.HardwareAcceleration/SparseNeuralNetworkInferenceEngine.HardwareAcceleration.csproj" Id="17546d06-f783-48cb-8de8-8783ec664835">
    <Platform Solution="*|x64" Project="x64" />
  </Project>
  <Project Path="SparseNeuralNetworkInferenceEngine.Math/SparseNeuralNetworkInferenceEngine.Math.csproj" Id="8d38e616-5fdd-486b-8490-1bd13cfce02d" />
  <Project Path="SparseNeuralNetworkInferenceEngine.Model.Tests/SparseNeuralNetworkInferenceEngine.Model.Tests.csproj" Id="bb4f07a7-1e2c-4386-92a2-689048581801" />
  <Project Path="SparseNeuralNetworkInferenceEngine.Model/SparseNeuralNetworkInferenceEngine.Model.csproj" Id="b8a2e4af-8325-49aa-bfff-60e7382df6d3" />
  <Project Path="SparseNeuralNetworkInferenceEngine/SparseNeuralNetworkInferenceEngine.csproj">
    <Platform Solution="*|x64" Project="x64" />
  </Project>
  <Project Path="SparseNeuralNetworkInferenceEninge.Engine.Tests/SparseNeualNetworkInferenceEninge.Engine.Tests.csproj" Id="17e22768-e4aa-497f-a3fb-ec643cf25a76">
    <Platform Solution="*|x64" Project="x64" />
  </Project>
</Solution>
